
Microsoft Visual Studio Solution File, Format Version 12.00
# Visual Studio 15
VisualStudioVersion = 15.0.27130.2026
MinimumVisualStudioVersion = 10.0.40219.1
Project("{FAE04EC0-301F-11D3-BF4B-00C04F79EFBC}") = "Task1", "Task1\Task1.csproj", "{954EAF94-24F1-40F8-8BB3-3D64B6537554}"
EndProject
Global
	GlobalSection(SolutionConfigurationPlatforms) = preSolution
		Debug|Any CPU = Debug|Any CPU
		Release|Any CPU = Release|Any CPU
	EndGlobalSection
	GlobalSection(ProjectConfigurationPlatforms) = postSolution
		{954EAF94-24F1-40F8-8BB3-3D64B6537554}.Debug|Any CPU.ActiveCfg = Debug|Any CPU
		{954EAF94-24F1-40F8-8BB3-3D64B6537554}.Debug|Any CPU.Build.0 = Debug|Any CPU
		{954EAF94-24F1-40F8-8BB3-3D64B6537554}.Release|Any CPU.ActiveCfg = Release|Any CPU
		{954EAF94-24F1-40F8-8BB3-3D64B6537554}.Release|Any CPU.Build.0 = Release|Any CPU
	EndGlobalSection
	GlobalSection(SolutionProperties) = preSolution
		HideSolutionNode = FALSE
	EndGlobalSection
	GlobalSection(ExtensibilityGlobals) = postSolution
		SolutionGuid = {39037D00-3E10-4964-8F01-2A23BE8DD620}
	EndGlobalSection
EndGlobal
